
Microsoft Visual Studio Solution File, Format Version 12.00
# Visual Studio Version 16
VisualStudioVersion = 16.0.31112.23
MinimumVisualStudioVersion = 10.0.40219.1
Project("{9A19103F-16F7-4668-BE54-9A1E7A4F7556}") = "LoadBalancer", "LoadBalancer\LoadBalancer.csproj", "{1B1E93A3-4DD8-458A-BE97-C405D9572434}"
EndProject
Project("{9A19103F-16F7-4668-BE54-9A1E7A4F7556}") = "Api", "Api\Api.csproj", "{0C0EDA29-11D9-452A-A131-02DE35B9F203}"
EndProject
Project("{9A19103F-16F7-4668-BE54-9A1E7A4F7556}") = "Incrementer", "Incrementer\Incrementer.csproj", "{8D4DBFCE-6968-42AF-986C-52D7A6105A24}"
EndProject
Project("{9A19103F-16F7-4668-BE54-9A1E7A4F7556}") = "Lib", "Lib\Lib.csproj", "{2ABC7FC8-613B-4E28-83C2-E374383B4770}"
EndProject
Project("{E53339B2-1760-4266-BCC7-CA923CBCF16C}") = "docker-compose", "docker-compose.dcproj", "{4222B1B9-EAF6-4E66-A5A6-A2CB627C33E6}"
EndProject
Project("{2150E333-8FDC-42A3-9474-1A3956D46DE8}") = "Solution Items", "Solution Items", "{D3988AF2-22C2-4AB5-831A-445A805AD1C9}"
	ProjectSection(SolutionItems) = preProject
		db.env = db.env
	EndProjectSection
EndProject
Project("{FAE04EC0-301F-11D3-BF4B-00C04F79EFBC}") = "LoadBalancer.Tests", "..\LoadBalancer.Tests\LoadBalancer.Tests.csproj", "{32B30702-A5F3-42F0-B78F-F510EE1421F9}"
EndProject
Global
	GlobalSection(SolutionConfigurationPlatforms) = preSolution
		Debug|Any CPU = Debug|Any CPU
		Release|Any CPU = Release|Any CPU
	EndGlobalSection
	GlobalSection(ProjectConfigurationPlatforms) = postSolution
		{1B1E93A3-4DD8-458A-BE97-C405D9572434}.Debug|Any CPU.ActiveCfg = Debug|Any CPU
		{1B1E93A3-4DD8-458A-BE97-C405D9572434}.Debug|Any CPU.Build.0 = Debug|Any CPU
		{1B1E93A3-4DD8-458A-BE97-C405D9572434}.Release|Any CPU.ActiveCfg = Release|Any CPU
		{1B1E93A3-4DD8-458A-BE97-C405D9572434}.Release|Any CPU.Build.0 = Release|Any CPU
		{0C0EDA29-11D9-452A-A131-02DE35B9F203}.Debug|Any CPU.ActiveCfg = Debug|Any CPU
		{0C0EDA29-11D9-452A-A131-02DE35B9F203}.Debug|Any CPU.Build.0 = Debug|Any CPU
		{0C0EDA29-11D9-452A-A131-02DE35B9F203}.Release|Any CPU.ActiveCfg = Release|Any CPU
		{0C0EDA29-11D9-452A-A131-02DE35B9F203}.Release|Any CPU.Build.0 = Release|Any CPU
		{8D4DBFCE-6968-42AF-986C-52D7A6105A24}.Debug|Any CPU.ActiveCfg = Debug|Any CPU
		{8D4DBFCE-6968-42AF-986C-52D7A6105A24}.Debug|Any CPU.Build.0 = Debug|Any CPU
		{8D4DBFCE-6968-42AF-986C-52D7A6105A24}.Release|Any CPU.ActiveCfg = Release|Any CPU
		{8D4DBFCE-6968-42AF-986C-52D7A6105A24}.Release|Any CPU.Build.0 = Release|Any CPU
		{2ABC7FC8-613B-4E28-83C2-E374383B4770}.Debug|Any CPU.ActiveCfg = Debug|Any CPU
		{2ABC7FC8-613B-4E28-83C2-E374383B4770}.Debug|Any CPU.Build.0 = Debug|Any CPU
		{2ABC7FC8-613B-4E28-83C2-E374383B4770}.Release|Any CPU.ActiveCfg = Release|Any CPU
		{2ABC7FC8-613B-4E28-83C2-E374383B4770}.Release|Any CPU.Build.0 = Release|Any CPU
		{4222B1B9-EAF6-4E66-A5A6-A2CB627C33E6}.Debug|Any CPU.ActiveCfg = Debug|Any CPU
		{4222B1B9-EAF6-4E66-A5A6-A2CB627C33E6}.Debug|Any CPU.Build.0 = Debug|Any CPU
		{4222B1B9-EAF6-4E66-A5A6-A2CB627C33E6}.Release|Any CPU.ActiveCfg = Release|Any CPU
		{4222B1B9-EAF6-4E66-A5A6-A2CB627C33E6}.Release|Any CPU.Build.0 = Release|Any CPU
		{32B30702-A5F3-42F0-B78F-F510EE1421F9}.Debug|Any CPU.ActiveCfg = Debug|Any CPU
		{32B30702-A5F3-42F0-B78F-F510EE1421F9}.Debug|Any CPU.Build.0 = Debug|Any CPU
		{32B30702-A5F3-42F0-B78F-F510EE1421F9}.Release|Any CPU.ActiveCfg = Release|Any CPU
		{32B30702-A5F3-42F0-B78F-F510EE1421F9}.Release|Any CPU.Build.0 = Release|Any CPU
	EndGlobalSection
	GlobalSection(SolutionProperties) = preSolution
		HideSolutionNode = FALSE
	EndGlobalSection
	GlobalSection(ExtensibilityGlobals) = postSolution
		SolutionGuid = {3F9DE02C-AE55-4610-A646-858ECEAE0311}
	EndGlobalSection
EndGlobal
